<?xml version="1.0" encoding="utf-8"?>
<Project ToolsVersion="4.0" xmlns="http://schemas.microsoft.com/developer/msbuild/2003">
  <ItemGroup>
    <Filter Include="소스 파일">
      <UniqueIdentifier>{4FC737F1-C7A5-4376-A066-2A32D752A2FF}</UniqueIdentifier>
      <Extensions>cpp;c;cc;cxx;def;odl;idl;hpj;bat;asm;asmx</Extensions>
    </Filter>
    <Filter Include="헤더 파일">
      <UniqueIdentifier>{93995380-89BD-4b04-88EB-625FBE52EBFB}</UniqueIdentifier>
      <Extensions>h;hh;hpp;hxx;hm;inl;inc;xsd</Extensions>
    </Filter>
    <Filter Include="리소스 파일">
      <UniqueIdentifier>{67DA6AB6-F800-4c08-8B7A-83BB121AAD01}</UniqueIdentifier>
      <Extensions>rc;ico;cur;bmp;dlg;rc2;rct;bin;rgs;gif;jpg;jpeg;jpe;resx;tiff;tif;png;wav;mfcribbon-ms</Extensions>
    </Filter>
    <Filter Include="2DGameFramework">
      <UniqueIdentifier>{44b0bf64-4df7-4df7-aadf-af99d65a6f11}</UniqueIdentifier>
    </Filter>
    <Filter Include="2DGameFramework\singletonBase">
      <UniqueIdentifier>{acfb0708-751f-407f-886f-3fa105362fa0}</UniqueIdentifier>
    </Filter>
    <Filter Include="MainGame">
      <UniqueIdentifier>{302d4e89-8c43-49dd-bdf7-6af312b7478d}</UniqueIdentifier>
    </Filter>
    <Filter Include="2DGameFramework\Manager">
      <UniqueIdentifier>{4e8e37ae-a805-4157-b8ad-868e10f7b897}</UniqueIdentifier>
    </Filter>
    <Filter Include="2DGameFramework\UTIL">
      <UniqueIdentifier>{d10c4b12-fe3a-4005-9c93-f6b5a50206f3}</UniqueIdentifier>
    </Filter>
    <Filter Include="2DGameFramework\image">
      <UniqueIdentifier>{aef4c917-5094-4bf1-b595-0f3e83b30421}</UniqueIdentifier>
    </Filter>
    <Filter Include="2DGameFramework\progressBar">
      <UniqueIdentifier>{f2c28c1c-d077-4588-a8b2-2863b5bfd9d9}</UniqueIdentifier>
    </Filter>
    <Filter Include="2DGameFramework\txtData">
      <UniqueIdentifier>{6f9e32c7-0a9b-4f8b-9c3e-7b0453372fa4}</UniqueIdentifier>
    </Filter>
    <Filter Include="2DGameFramework\timer">
      <UniqueIdentifier>{77aa64ca-f21d-41b8-8600-5193dffd89e6}</UniqueIdentifier>
    </Filter>
    <Filter Include="2DGameFramework\animation">
      <UniqueIdentifier>{b9a79e56-7245-4fd5-8731-4af1b6727cd9}</UniqueIdentifier>
    </Filter>
    <Filter Include="2DGameFramework\effect">
      <UniqueIdentifier>{b7fc659f-38bf-49df-aeb1-9b0ccdc8cd9d}</UniqueIdentifier>
    </Filter>
    <Filter Include="2DGameFramework\button">
      <UniqueIdentifier>{afe8c212-abb9-4489-9738-3a4601ad3ff5}</UniqueIdentifier>
    </Filter>
    <Filter Include="2DGameFramework\action">
      <UniqueIdentifier>{fc81a74f-ceba-4197-9159-5c6a5d261c06}</UniqueIdentifier>
    </Filter>
    <Filter Include="2DGameFramework\loading">
      <UniqueIdentifier>{53899c4d-cb20-4c01-892d-57e1efbd3edd}</UniqueIdentifier>
    </Filter>
    <Filter Include="MainGame\gameScene">
      <UniqueIdentifier>{eddb233e-cafc-4793-89a3-e3f38d05c874}</UniqueIdentifier>
    </Filter>
    <Filter Include="MainGame\mapToolScene">
      <UniqueIdentifier>{9996b84e-c073-4715-9a81-3d999b083125}</UniqueIdentifier>
    </Filter>
    <Filter Include="MainGame\mainMenuScene">
      <UniqueIdentifier>{bf8a5ada-abd8-4109-ab0a-ade1e8f3ea97}</UniqueIdentifier>
    </Filter>
    <Filter Include="MainGame\dataBase">
      <UniqueIdentifier>{c8d70ea4-adbb-42db-9a2d-2a642f6d2956}</UniqueIdentifier>
    </Filter>
    <Filter Include="MainGame\gameScene\map">
      <UniqueIdentifier>{24330d74-3dd4-4c5b-af09-a28a44918ea0}</UniqueIdentifier>
    </Filter>
    <Filter Include="MainGame\gameScene\ui">
      <UniqueIdentifier>{be3aae6b-2455-42df-8117-254169659463}</UniqueIdentifier>
    </Filter>
    <Filter Include="MainGame\gameScene\camp">
      <UniqueIdentifier>{d95b1864-4a3e-48a3-9b07-ccb5380e58cd}</UniqueIdentifier>
    </Filter>
    <Filter Include="MainGame\gameScene\hero">
      <UniqueIdentifier>{e7939478-cf77-4fcb-b6d3-cb97435e1d0b}</UniqueIdentifier>
    </Filter>
    <Filter Include="MainGame\gameScene\player">
      <UniqueIdentifier>{4dd00b5b-c00c-4cb6-aa56-25918d5fd345}</UniqueIdentifier>
    </Filter>
    <Filter Include="MainGame\gameScene\mapObject">
      <UniqueIdentifier>{9f42ecdf-06c6-4015-9b78-8055bdc43010}</UniqueIdentifier>
    </Filter>
    <Filter Include="MainGame\gameScene\zorder">
      <UniqueIdentifier>{43fc6c86-e364-455d-a9bd-4dab1c96a10a}</UniqueIdentifier>
    </Filter>
    <Filter Include="MainGame\gameScene\battle">
      <UniqueIdentifier>{69b0cc0b-51cb-44d2-9daa-e41630600a13}</UniqueIdentifier>
    </Filter>
  </ItemGroup>
  <ItemGroup>
    <Text Include="ReadMe.txt" />
  </ItemGroup>
  <ItemGroup>
    <ClInclude Include="stdafx.h">
      <Filter>헤더 파일</Filter>
    </ClInclude>
    <ClInclude Include="targetver.h">
      <Filter>헤더 파일</Filter>
    </ClInclude>
    <ClInclude Include="Resource.h">
      <Filter>헤더 파일</Filter>
    </ClInclude>
    <ClInclude Include="commonMacroFunction.h">
      <Filter>헤더 파일</Filter>
    </ClInclude>
    <ClInclude Include="singletonBase.h">
      <Filter>2DGameFramework\singletonBase</Filter>
    </ClInclude>
    <ClInclude Include="randomFunction.h">
      <Filter>헤더 파일</Filter>
    </ClInclude>
    <ClInclude Include="gameNode.h">
      <Filter>2DGameFramework</Filter>
    </ClInclude>
    <ClInclude Include="mainGame.h">
      <Filter>MainGame</Filter>
    </ClInclude>
    <ClInclude Include="keyManager.h">
      <Filter>2DGameFramework\Manager</Filter>
    </ClInclude>
    <ClInclude Include="utils.h">
      <Filter>2DGameFramework\UTIL</Filter>
    </ClInclude>
    <ClInclude Include="image.h">
      <Filter>2DGameFramework\image</Filter>
    </ClInclude>
    <ClInclude Include="imageManager.h">
      <Filter>2DGameFramework\Manager</Filter>
    </ClInclude>
    <ClInclude Include="progressBar.h">
      <Filter>2DGameFramework\progressBar</Filter>
    </ClInclude>
    <ClInclude Include="txtData.h">
      <Filter>2DGameFramework\txtData</Filter>
    </ClInclude>
    <ClInclude Include="timer.h">
      <Filter>2DGameFramework\timer</Filter>
    </ClInclude>
    <ClInclude Include="timeManager.h">
      <Filter>2DGameFramework\Manager</Filter>
    </ClInclude>
    <ClInclude Include="soundManager.h">
      <Filter>2DGameFramework\Manager</Filter>
    </ClInclude>
    <ClInclude Include="animation.h">
      <Filter>2DGameFramework\animation</Filter>
    </ClInclude>
    <ClInclude Include="effect.h">
      <Filter>2DGameFramework\effect</Filter>
    </ClInclude>
    <ClInclude Include="effectManager.h">
      <Filter>2DGameFramework\Manager</Filter>
    </ClInclude>
    <ClInclude Include="collision.h">
      <Filter>2DGameFramework\UTIL</Filter>
    </ClInclude>
    <ClInclude Include="iniDataManager.h">
      <Filter>2DGameFramework\Manager</Filter>
    </ClInclude>
    <ClInclude Include="sceneManager.h">
      <Filter>2DGameFramework\Manager</Filter>
    </ClInclude>
    <ClInclude Include="button.h">
      <Filter>2DGameFramework\button</Filter>
    </ClInclude>
    <ClInclude Include="action.h">
      <Filter>2DGameFramework\action</Filter>
    </ClInclude>
    <ClInclude Include="keyAniManager.h">
      <Filter>2DGameFramework\Manager</Filter>
    </ClInclude>
    <ClInclude Include="loading.h">
      <Filter>2DGameFramework\loading</Filter>
    </ClInclude>
    <ClInclude Include="mapTool.h">
      <Filter>MainGame\mapToolScene</Filter>
    </ClInclude>
    <ClInclude Include="mainMenu.h">
      <Filter>MainGame\mainMenuScene</Filter>
    </ClInclude>
    <ClInclude Include="gameScene.h">
      <Filter>MainGame\gameScene</Filter>
    </ClInclude>
    <ClInclude Include="dataBase.h">
      <Filter>MainGame\dataBase</Filter>
    </ClInclude>
    <ClInclude Include="playMap.h">
      <Filter>MainGame\gameScene\map</Filter>
    </ClInclude>
    <ClInclude Include="ui.h">
      <Filter>MainGame\gameScene\ui</Filter>
    </ClInclude>
    <ClInclude Include="camp.h">
      <Filter>MainGame\gameScene\camp</Filter>
    </ClInclude>
    <ClInclude Include="castle.h">
      <Filter>MainGame\gameScene\camp</Filter>
    </ClInclude>
    <ClInclude Include="dungeon.h">
      <Filter>MainGame\gameScene\camp</Filter>
    </ClInclude>
    <ClInclude Include="hero.h">
      <Filter>MainGame\gameScene\hero</Filter>
    </ClInclude>
    <ClInclude Include="player.h">
      <Filter>MainGame\gameScene\player</Filter>
    </ClInclude>
    <ClInclude Include="mapObject.h">
      <Filter>MainGame\gameScene\mapObject</Filter>
    </ClInclude>
    <ClInclude Include="infoHomm.h">
      <Filter>MainGame\dataBase</Filter>
    </ClInclude>
    <ClInclude Include="heroInfo.h">
      <Filter>MainGame\gameScene\hero</Filter>
    </ClInclude>
    <ClInclude Include="zOrder.h">
      <Filter>MainGame\gameScene\zorder</Filter>
    </ClInclude>
    <ClInclude Include="battle.h">
      <Filter>MainGame\gameScene\battle</Filter>
    </ClInclude>
  </ItemGroup>
  <ItemGroup>
    <ClCompile Include="stdafx.cpp">
      <Filter>소스 파일</Filter>
    </ClCompile>
    <ClCompile Include="winMain.cpp">
      <Filter>소스 파일</Filter>
    </ClCompile>
    <ClCompile Include="gameNode.cpp">
      <Filter>2DGameFramework</Filter>
    </ClCompile>
    <ClCompile Include="mainGame.cpp">
      <Filter>MainGame</Filter>
    </ClCompile>
    <ClCompile Include="keyManager.cpp">
      <Filter>2DGameFramework\Manager</Filter>
    </ClCompile>
    <ClCompile Include="utils.cpp">
      <Filter>2DGameFramework\UTIL</Filter>
    </ClCompile>
    <ClCompile Include="image.cpp">
      <Filter>2DGameFramework\image</Filter>
    </ClCompile>
    <ClCompile Include="imageManager.cpp">
      <Filter>2DGameFramework\Manager</Filter>
    </ClCompile>
    <ClCompile Include="progressBar.cpp">
      <Filter>2DGameFramework\progressBar</Filter>
    </ClCompile>
    <ClCompile Include="txtData.cpp">
      <Filter>2DGameFramework\txtData</Filter>
    </ClCompile>
    <ClCompile Include="timer.cpp">
      <Filter>2DGameFramework\timer</Filter>
    </ClCompile>
    <ClCompile Include="timeManager.cpp">
      <Filter>2DGameFramework\Manager</Filter>
    </ClCompile>
    <ClCompile Include="soundManager.cpp">
      <Filter>2DGameFramework\Manager</Filter>
    </ClCompile>
    <ClCompile Include="animation.cpp">
      <Filter>2DGameFramework\animation</Filter>
    </ClCompile>
    <ClCompile Include="effect.cpp">
      <Filter>2DGameFramework\effect</Filter>
    </ClCompile>
    <ClCompile Include="effectManager.cpp">
      <Filter>2DGameFramework\Manager</Filter>
    </ClCompile>
    <ClCompile Include="collision.cpp">
      <Filter>2DGameFramework\UTIL</Filter>
    </ClCompile>
    <ClCompile Include="iniDataManager.cpp">
      <Filter>2DGameFramework\Manager</Filter>
    </ClCompile>
    <ClCompile Include="sceneManager.cpp">
      <Filter>2DGameFramework\Manager</Filter>
    </ClCompile>
    <ClCompile Include="button.cpp">
      <Filter>2DGameFramework\button</Filter>
    </ClCompile>
    <ClCompile Include="action.cpp">
      <Filter>2DGameFramework\action</Filter>
    </ClCompile>
    <ClCompile Include="keyAniManager.cpp">
      <Filter>2DGameFramework\Manager</Filter>
    </ClCompile>
    <ClCompile Include="loading.cpp">
      <Filter>2DGameFramework\loading</Filter>
    </ClCompile>
    <ClCompile Include="mapTool.cpp">
      <Filter>MainGame\mapToolScene</Filter>
    </ClCompile>
    <ClCompile Include="mainMenu.cpp">
      <Filter>MainGame\mainMenuScene</Filter>
    </ClCompile>
    <ClCompile Include="gameScene.cpp">
      <Filter>MainGame\gameScene</Filter>
    </ClCompile>
    <ClCompile Include="dataBase.cpp">
      <Filter>MainGame\dataBase</Filter>
    </ClCompile>
    <ClCompile Include="playMap.cpp">
      <Filter>MainGame\gameScene\map</Filter>
    </ClCompile>
    <ClCompile Include="ui.cpp">
      <Filter>MainGame\gameScene\ui</Filter>
    </ClCompile>
    <ClCompile Include="camp.cpp">
      <Filter>MainGame\gameScene\camp</Filter>
    </ClCompile>
    <ClCompile Include="castle.cpp">
      <Filter>MainGame\gameScene\camp</Filter>
    </ClCompile>
    <ClCompile Include="dungeon.cpp">
      <Filter>MainGame\gameScene\camp</Filter>
    </ClCompile>
    <ClCompile Include="hero.cpp">
      <Filter>MainGame\gameScene\hero</Filter>
    </ClCompile>
    <ClCompile Include="player.cpp">
      <Filter>MainGame\gameScene\player</Filter>
    </ClCompile>
    <ClCompile Include="mapObject.cpp">
      <Filter>MainGame\gameScene\mapObject</Filter>
    </ClCompile>
    <ClCompile Include="fieldAstar.cpp">
      <Filter>MainGame\gameScene\map</Filter>
    </ClCompile>
    <ClCompile Include="heroInfo.cpp">
      <Filter>MainGame\gameScene\hero</Filter>
    </ClCompile>
    <ClCompile Include="zOrder.cpp">
      <Filter>MainGame\gameScene\zorder</Filter>
    </ClCompile>
    <ClCompile Include="battle.cpp">
      <Filter>MainGame\gameScene\battle</Filter>
    </ClCompile>
  </ItemGroup>
</Project>